
Microsoft Visual Studio Solution File, Format Version 12.00
# Visual Studio Version 16
VisualStudioVersion = 16.0.29905.134
MinimumVisualStudioVersion = 10.0.40219.1
Project("{2150E333-8FDC-42A3-9474-1A3956D46DE8}") = "Documents", "Documents", "{F7787A8B-3DD7-4C88-A0E9-DCC9341A3E44}"
	ProjectSection(SolutionItems) = preProject
		encyption-lib\ClassDesign.png = encyption-lib\ClassDesign.png
		FieldLevelEncrryption_DataFlow.png = FieldLevelEncrryption_DataFlow.png
		encyption-lib-core\license.txt = encyption-lib-core\license.txt
		ReadMe.docx = ReadMe.docx
		ReadMe.pdf = ReadMe.pdf
	EndProjectSection
EndProject
Project("{9A19103F-16F7-4668-BE54-9A1E7A4F7556}") = "encryption_lib.test", "encyption-lib-core.test\encryption_lib.test.csproj", "{59E08A75-E054-402E-B6E2-86F224DF6BA9}"
EndProject
Project("{9A19103F-16F7-4668-BE54-9A1E7A4F7556}") = "encryption_lib", "encyption-lib-core\encryption_lib.csproj", "{5A62165E-EF76-4ED2-B470-4465D79E9A5E}"
EndProject
Project("{9A19103F-16F7-4668-BE54-9A1E7A4F7556}") = "Example_Asp.Net_Mvc_WebApplication", "Example_Asp.Net_Mvc_WebApplication\Example_Asp.Net_Mvc_WebApplication.csproj", "{454E4A74-6D31-4F98-9E2C-DE2CB2E3241F}"
EndProject
Global
	GlobalSection(SolutionConfigurationPlatforms) = preSolution
		Debug|Any CPU = Debug|Any CPU
		Release|Any CPU = Release|Any CPU
	EndGlobalSection
	GlobalSection(ProjectConfigurationPlatforms) = postSolution
		{59E08A75-E054-402E-B6E2-86F224DF6BA9}.Debug|Any CPU.ActiveCfg = Debug|Any CPU
		{59E08A75-E054-402E-B6E2-86F224DF6BA9}.Debug|Any CPU.Build.0 = Debug|Any CPU
		{59E08A75-E054-402E-B6E2-86F224DF6BA9}.Release|Any CPU.ActiveCfg = Release|Any CPU
		{59E08A75-E054-402E-B6E2-86F224DF6BA9}.Release|Any CPU.Build.0 = Release|Any CPU
		{5A62165E-EF76-4ED2-B470-4465D79E9A5E}.Debug|Any CPU.ActiveCfg = Debug|Any CPU
		{5A62165E-EF76-4ED2-B470-4465D79E9A5E}.Debug|Any CPU.Build.0 = Debug|Any CPU
		{5A62165E-EF76-4ED2-B470-4465D79E9A5E}.Release|Any CPU.ActiveCfg = Release|Any CPU
		{5A62165E-EF76-4ED2-B470-4465D79E9A5E}.Release|Any CPU.Build.0 = Release|Any CPU
		{454E4A74-6D31-4F98-9E2C-DE2CB2E3241F}.Debug|Any CPU.ActiveCfg = Debug|Any CPU
		{454E4A74-6D31-4F98-9E2C-DE2CB2E3241F}.Debug|Any CPU.Build.0 = Debug|Any CPU
		{454E4A74-6D31-4F98-9E2C-DE2CB2E3241F}.Release|Any CPU.ActiveCfg = Release|Any CPU
		{454E4A74-6D31-4F98-9E2C-DE2CB2E3241F}.Release|Any CPU.Build.0 = Release|Any CPU
	EndGlobalSection
	GlobalSection(SolutionProperties) = preSolution
		HideSolutionNode = FALSE
	EndGlobalSection
	GlobalSection(ExtensibilityGlobals) = postSolution
		SolutionGuid = {FA563C5A-4BCD-4438-A6BD-D49CD55A65E5}
	EndGlobalSection
EndGlobal
