
Microsoft Visual Studio Solution File, Format Version 12.00
# Visual Studio Version 16
VisualStudioVersion = 16.0.29905.134
MinimumVisualStudioVersion = 10.0.40219.1
Project("{2150E333-8FDC-42A3-9474-1A3956D46DE8}") = "Documents", "Documents", "{F7787A8B-3DD7-4C88-A0E9-DCC9341A3E44}"
	ProjectSection(SolutionItems) = preProject
		encyption-lib\ClassDesign.png = encyption-lib\ClassDesign.png
		FieldLevelEncrryption_DataFlow.png = FieldLevelEncrryption_DataFlow.png
		ReadMe.docx = ReadMe.docx
		ReadMe.pdf = ReadMe.pdf
	EndProjectSection
EndProject
Project("{FAE04EC0-301F-11D3-BF4B-00C04F79EFBC}") = "Encription-Library", "encyption-lib\Encription-Library.csproj", "{3DD5CF74-E943-450E-A63E-095021E1B343}"
EndProject
Project("{FAE04EC0-301F-11D3-BF4B-00C04F79EFBC}") = "Encription-Library.Test", "encyption-lib.test\Encription-Library.Test.csproj", "{2C457E56-17E1-4635-B182-6FB46CE34761}"
EndProject
Global
	GlobalSection(SolutionConfigurationPlatforms) = preSolution
		Debug|Any CPU = Debug|Any CPU
		Release|Any CPU = Release|Any CPU
	EndGlobalSection
	GlobalSection(ProjectConfigurationPlatforms) = postSolution
		{3DD5CF74-E943-450E-A63E-095021E1B343}.Debug|Any CPU.ActiveCfg = Debug|Any CPU
		{3DD5CF74-E943-450E-A63E-095021E1B343}.Debug|Any CPU.Build.0 = Debug|Any CPU
		{3DD5CF74-E943-450E-A63E-095021E1B343}.Release|Any CPU.ActiveCfg = Release|Any CPU
		{3DD5CF74-E943-450E-A63E-095021E1B343}.Release|Any CPU.Build.0 = Release|Any CPU
		{2C457E56-17E1-4635-B182-6FB46CE34761}.Debug|Any CPU.ActiveCfg = Debug|Any CPU
		{2C457E56-17E1-4635-B182-6FB46CE34761}.Debug|Any CPU.Build.0 = Debug|Any CPU
		{2C457E56-17E1-4635-B182-6FB46CE34761}.Release|Any CPU.ActiveCfg = Release|Any CPU
		{2C457E56-17E1-4635-B182-6FB46CE34761}.Release|Any CPU.Build.0 = Release|Any CPU
	EndGlobalSection
	GlobalSection(SolutionProperties) = preSolution
		HideSolutionNode = FALSE
	EndGlobalSection
	GlobalSection(ExtensibilityGlobals) = postSolution
		SolutionGuid = {FA563C5A-4BCD-4438-A6BD-D49CD55A65E5}
	EndGlobalSection
EndGlobal
