
Microsoft Visual Studio Solution File, Format Version 12.00
# Visual Studio Version 16
VisualStudioVersion = 16.0.29613.14
MinimumVisualStudioVersion = 10.0.40219.1
Project("{9A19103F-16F7-4668-BE54-9A1E7A4F7556}") = "com.tmobile.oss.security.taap.poptoken.builder", "com.tmobile.oss.security.taap.poptoken.builder\com.tmobile.oss.security.taap.poptoken.builder.csproj", "{FEF652B8-55BE-4A89-AFD9-56CB89057ECD}"
EndProject
Project("{9A19103F-16F7-4668-BE54-9A1E7A4F7556}") = "com.tmobile.oss.security.taap.poptoken.builder.test", "com.tmobile.oss.security.taap.poptoken.builder.test\com.tmobile.oss.security.taap.poptoken.builder.test.csproj", "{36DCCB54-6528-46A7-9022-80DBF88EC7B3}"
EndProject
Project("{2150E333-8FDC-42A3-9474-1A3956D46DE8}") = "Notes", "Notes", "{50C71235-9039-4942-8158-65E691685A54}"
	ProjectSection(SolutionItems) = preProject
		ReadMe.docx = ReadMe.docx
		ReadMe.pdf = ReadMe.pdf
	EndProjectSection
EndProject
Global
	GlobalSection(SolutionConfigurationPlatforms) = preSolution
		Debug|Any CPU = Debug|Any CPU
		Release|Any CPU = Release|Any CPU
	EndGlobalSection
	GlobalSection(ProjectConfigurationPlatforms) = postSolution
		{FEF652B8-55BE-4A89-AFD9-56CB89057ECD}.Debug|Any CPU.ActiveCfg = Debug|Any CPU
		{FEF652B8-55BE-4A89-AFD9-56CB89057ECD}.Debug|Any CPU.Build.0 = Debug|Any CPU
		{FEF652B8-55BE-4A89-AFD9-56CB89057ECD}.Release|Any CPU.ActiveCfg = Release|Any CPU
		{FEF652B8-55BE-4A89-AFD9-56CB89057ECD}.Release|Any CPU.Build.0 = Release|Any CPU
		{36DCCB54-6528-46A7-9022-80DBF88EC7B3}.Debug|Any CPU.ActiveCfg = Debug|Any CPU
		{36DCCB54-6528-46A7-9022-80DBF88EC7B3}.Debug|Any CPU.Build.0 = Debug|Any CPU
		{36DCCB54-6528-46A7-9022-80DBF88EC7B3}.Release|Any CPU.ActiveCfg = Release|Any CPU
		{36DCCB54-6528-46A7-9022-80DBF88EC7B3}.Release|Any CPU.Build.0 = Release|Any CPU
	EndGlobalSection
	GlobalSection(SolutionProperties) = preSolution
		HideSolutionNode = FALSE
	EndGlobalSection
	GlobalSection(ExtensibilityGlobals) = postSolution
		SolutionGuid = {1F0BF83B-6F0F-41A5-8CEC-953BD28844D3}
	EndGlobalSection
EndGlobal
