
Microsoft Visual Studio Solution File, Format Version 12.00
# Visual Studio Version 16
VisualStudioVersion = 16.0.29613.14
MinimumVisualStudioVersion = 10.0.40219.1
Project("{2150E333-8FDC-42A3-9474-1A3956D46DE8}") = "Notes", "Notes", "{50C71235-9039-4942-8158-65E691685A54}"
	ProjectSection(SolutionItems) = preProject
		ReadMe.docx = ReadMe.docx
		ReadMe.pdf = ReadMe.pdf
	EndProjectSection
EndProject
Project("{9A19103F-16F7-4668-BE54-9A1E7A4F7556}") = "poptoken.builder", "poptoken.builder\poptoken.builder.csproj", "{2810BDAB-63E0-4CA1-9359-17CFAE27541B}"
EndProject
Project("{9A19103F-16F7-4668-BE54-9A1E7A4F7556}") = "poptoken.builder.test", "poptoken.builder.test\poptoken.builder.test.csproj", "{10C37AC6-CB1D-4379-955B-DD5518DD4567}"
EndProject
Global
	GlobalSection(SolutionConfigurationPlatforms) = preSolution
		Debug|Any CPU = Debug|Any CPU
		Release|Any CPU = Release|Any CPU
	EndGlobalSection
	GlobalSection(ProjectConfigurationPlatforms) = postSolution
		{2810BDAB-63E0-4CA1-9359-17CFAE27541B}.Debug|Any CPU.ActiveCfg = Debug|Any CPU
		{2810BDAB-63E0-4CA1-9359-17CFAE27541B}.Debug|Any CPU.Build.0 = Debug|Any CPU
		{2810BDAB-63E0-4CA1-9359-17CFAE27541B}.Release|Any CPU.ActiveCfg = Release|Any CPU
		{2810BDAB-63E0-4CA1-9359-17CFAE27541B}.Release|Any CPU.Build.0 = Release|Any CPU
		{10C37AC6-CB1D-4379-955B-DD5518DD4567}.Debug|Any CPU.ActiveCfg = Debug|Any CPU
		{10C37AC6-CB1D-4379-955B-DD5518DD4567}.Debug|Any CPU.Build.0 = Debug|Any CPU
		{10C37AC6-CB1D-4379-955B-DD5518DD4567}.Release|Any CPU.ActiveCfg = Release|Any CPU
		{10C37AC6-CB1D-4379-955B-DD5518DD4567}.Release|Any CPU.Build.0 = Release|Any CPU
	EndGlobalSection
	GlobalSection(SolutionProperties) = preSolution
		HideSolutionNode = FALSE
	EndGlobalSection
	GlobalSection(ExtensibilityGlobals) = postSolution
		SolutionGuid = {1F0BF83B-6F0F-41A5-8CEC-953BD28844D3}
	EndGlobalSection
EndGlobal
